// !$*UTF8*$!
{
	archiveVersion = 1;
	classes = {
	};
	objectVersion = 50;
	objects = {

/* Begin PBXBuildFile section */
		282FEB79212E06D700C6852B /* AppDelegate.swift in Sources */ = {isa = PBXBuildFile; fileRef = 282FEB78212E06D700C6852B /* AppDelegate.swift */; };
		282FEB7E212E06D700C6852B /* Main.storyboard in Resources */ = {isa = PBXBuildFile; fileRef = 282FEB7C212E06D700C6852B /* Main.storyboard */; };
		282FEB80212E06D900C6852B /* Assets.xcassets in Resources */ = {isa = PBXBuildFile; fileRef = 282FEB7F212E06D900C6852B /* Assets.xcassets */; };
		282FEB83212E06D900C6852B /* LaunchScreen.storyboard in Resources */ = {isa = PBXBuildFile; fileRef = 282FEB81212E06D900C6852B /* LaunchScreen.storyboard */; };
		286F5B45212E0F850085BE1D /* Entry.swift in Sources */ = {isa = PBXBuildFile; fileRef = 286F5B44212E0F850085BE1D /* Entry.swift */; };
		286F5B47212E0F910085BE1D /* EntryController.swift in Sources */ = {isa = PBXBuildFile; fileRef = 286F5B46212E0F910085BE1D /* EntryController.swift */; };
		286F5B49212E12220085BE1D /* EntryTableViewController.swift in Sources */ = {isa = PBXBuildFile; fileRef = 286F5B48212E12220085BE1D /* EntryTableViewController.swift */; };
		286F5B4B212E14BE0085BE1D /* DetailViewController.swift in Sources */ = {isa = PBXBuildFile; fileRef = 286F5B4A212E14BE0085BE1D /* DetailViewController.swift */; };
/* End PBXBuildFile section */

/* Begin PBXFileReference section */
		282FEB75212E06D700C6852B /* Journal.app */ = {isa = PBXFileReference; explicitFileType = wrapper.application; includeInIndex = 0; path = Journal.app; sourceTree = BUILT_PRODUCTS_DIR; };
		282FEB78212E06D700C6852B /* AppDelegate.swift */ = {isa = PBXFileReference; lastKnownFileType = sourcecode.swift; path = AppDelegate.swift; sourceTree = "<group>"; };
		282FEB7D212E06D700C6852B /* Base */ = {isa = PBXFileReference; lastKnownFileType = file.storyboard; name = Base; path = Base.lproj/Main.storyboard; sourceTree = "<group>"; };
		282FEB7F212E06D900C6852B /* Assets.xcassets */ = {isa = PBXFileReference; lastKnownFileType = folder.assetcatalog; path = Assets.xcassets; sourceTree = "<group>"; };
		282FEB82212E06D900C6852B /* Base */ = {isa = PBXFileReference; lastKnownFileType = file.storyboard; name = Base; path = Base.lproj/LaunchScreen.storyboard; sourceTree = "<group>"; };
		282FEB84212E06D900C6852B /* Info.plist */ = {isa = PBXFileReference; lastKnownFileType = text.plist.xml; path = Info.plist; sourceTree = "<group>"; };
		286F5B44212E0F850085BE1D /* Entry.swift */ = {isa = PBXFileReference; lastKnownFileType = sourcecode.swift; path = Entry.swift; sourceTree = "<group>"; };
		286F5B46212E0F910085BE1D /* EntryController.swift */ = {isa = PBXFileReference; lastKnownFileType = sourcecode.swift; path = EntryController.swift; sourceTree = "<group>"; };
		286F5B48212E12220085BE1D /* EntryTableViewController.swift */ = {isa = PBXFileReference; lastKnownFileType = sourcecode.swift; path = EntryTableViewController.swift; sourceTree = "<group>"; };
		286F5B4A212E14BE0085BE1D /* DetailViewController.swift */ = {isa = PBXFileReference; lastKnownFileType = sourcecode.swift; path = DetailViewController.swift; sourceTree = "<group>"; };
/* End PBXFileReference section */

/* Begin PBXFrameworksBuildPhase section */
		282FEB72212E06D700C6852B /* Frameworks */ = {
			isa = PBXFrameworksBuildPhase;
			buildActionMask = 2147483647;
			files = (
			);
			runOnlyForDeploymentPostprocessing = 0;
		};
/* End PBXFrameworksBuildPhase section */

/* Begin PBXGroup section */
		282FEB6C212E06D700C6852B = {
			isa = PBXGroup;
			children = (
				282FEB77212E06D700C6852B /* Journal */,
				282FEB76212E06D700C6852B /* Products */,
			);
			sourceTree = "<group>";
		};
		282FEB76212E06D700C6852B /* Products */ = {
			isa = PBXGroup;
			children = (
				282FEB75212E06D700C6852B /* Journal.app */,
			);
			name = Products;
			sourceTree = "<group>";
		};
		282FEB77212E06D700C6852B /* Journal */ = {
			isa = PBXGroup;
			children = (
				282FEB78212E06D700C6852B /* AppDelegate.swift */,
				286F5B40212E06FD0085BE1D /* Model */,
				282FEB8A212E06E000C6852B /* View */,
				286F5B42212E07320085BE1D /* Controller */,
				286F5B41212E07290085BE1D /* Resources */,
			);
			path = Journal;
			sourceTree = "<group>";
		};
		282FEB8A212E06E000C6852B /* View */ = {
			isa = PBXGroup;
			children = (
				282FEB7C212E06D700C6852B /* Main.storyboard */,
			);
			path = View;
			sourceTree = "<group>";
		};
		286F5B40212E06FD0085BE1D /* Model */ = {
			isa = PBXGroup;
			children = (
				286F5B44212E0F850085BE1D /* Entry.swift */,
				286F5B43212E07410085BE1D /* ModelController */,
			);
			path = Model;
			sourceTree = "<group>";
		};
		286F5B41212E07290085BE1D /* Resources */ = {
			isa = PBXGroup;
			children = (
				282FEB7F212E06D900C6852B /* Assets.xcassets */,
				282FEB81212E06D900C6852B /* LaunchScreen.storyboard */,
				282FEB84212E06D900C6852B /* Info.plist */,
			);
			path = Resources;
			sourceTree = "<group>";
		};
		286F5B42212E07320085BE1D /* Controller */ = {
			isa = PBXGroup;
			children = (
				286F5B48212E12220085BE1D /* EntryTableViewController.swift */,
				286F5B4A212E14BE0085BE1D /* DetailViewController.swift */,
			);
			path = Controller;
			sourceTree = "<group>";
		};
		286F5B43212E07410085BE1D /* ModelController */ = {
			isa = PBXGroup;
			children = (
				286F5B46212E0F910085BE1D /* EntryController.swift */,
			);
			path = ModelController;
			sourceTree = "<group>";
		};
/* End PBXGroup section */

/* Begin PBXNativeTarget section */
		282FEB74212E06D700C6852B /* Journal */ = {
			isa = PBXNativeTarget;
			buildConfigurationList = 282FEB87212E06D900C6852B /* Build configuration list for PBXNativeTarget "Journal" */;
			buildPhases = (
				282FEB71212E06D700C6852B /* Sources */,
				282FEB72212E06D700C6852B /* Frameworks */,
				282FEB73212E06D700C6852B /* Resources */,
			);
			buildRules = (
			);
			dependencies = (
			);
			name = Journal;
			productName = Journal;
			productReference = 282FEB75212E06D700C6852B /* Journal.app */;
			productType = "com.apple.product-type.application";
		};
/* End PBXNativeTarget section */

/* Begin PBXProject section */
		282FEB6D212E06D700C6852B /* Project object */ = {
			isa = PBXProject;
			attributes = {
				LastSwiftUpdateCheck = 0940;
				LastUpgradeCheck = 0940;
				ORGANIZATIONNAME = Abdi;
				TargetAttributes = {
					282FEB74212E06D700C6852B = {
						CreatedOnToolsVersion = 9.4.1;
					};
				};
			};
			buildConfigurationList = 282FEB70212E06D700C6852B /* Build configuration list for PBXProject "Journal" */;
			compatibilityVersion = "Xcode 9.3";
			developmentRegion = en;
			hasScannedForEncodings = 0;
			knownRegions = (
				en,
				Base,
			);
			mainGroup = 282FEB6C212E06D700C6852B;
			productRefGroup = 282FEB76212E06D700C6852B /* Products */;
			projectDirPath = "";
			projectRoot = "";
			targets = (
				282FEB74212E06D700C6852B /* Journal */,
			);
		};
/* End PBXProject section */

/* Begin PBXResourcesBuildPhase section */
		282FEB73212E06D700C6852B /* Resources */ = {
			isa = PBXResourcesBuildPhase;
			buildActionMask = 2147483647;
			files = (
				282FEB83212E06D900C6852B /* LaunchScreen.storyboard in Resources */,
				282FEB80212E06D900C6852B /* Assets.xcassets in Resources */,
				282FEB7E212E06D700C6852B /* Main.storyboard in Resources */,
			);
			runOnlyForDeploymentPostprocessing = 0;
		};
/* End PBXResourcesBuildPhase section */

/* Begin PBXSourcesBuildPhase section */
		282FEB71212E06D700C6852B /* Sources */ = {
			isa = PBXSourcesBuildPhase;
			buildActionMask = 2147483647;
			files = (
				286F5B47212E0F910085BE1D /* EntryController.swift in Sources */,
				286F5B45212E0F850085BE1D /* Entry.swift in Sources */,
				286F5B4B212E14BE0085BE1D /* DetailViewController.swift in Sources */,
				286F5B49212E12220085BE1D /* EntryTableViewController.swift in Sources */,
				282FEB79212E06D700C6852B /* AppDelegate.swift in Sources */,
			);
			runOnlyForDeploymentPostprocessing = 0;
		};
/* End PBXSourcesBuildPhase section */

/* Begin PBXVariantGroup section */
		282FEB7C212E06D700C6852B /* Main.storyboard */ = {
			isa = PBXVariantGroup;
			children = (
				282FEB7D212E06D700C6852B /* Base */,
			);
			name = Main.storyboard;
			sourceTree = "<group>";
		};
		282FEB81212E06D900C6852B /* LaunchScreen.storyboard */ = {
			isa = PBXVariantGroup;
			children = (
				282FEB82212E06D900C6852B /* Base */,
			);
			name = LaunchScreen.storyboard;
			sourceTree = "<group>";
		};
/* End PBXVariantGroup section */

/* Begin XCBuildConfiguration section */
		282FEB85212E06D900C6852B /* Debug */ = {
			isa = XCBuildConfiguration;
			buildSettings = {
				ALWAYS_SEARCH_USER_PATHS = NO;
				CLANG_ANALYZER_NONNULL = YES;
				CLANG_ANALYZER_NUMBER_OBJECT_CONVERSION = YES_AGGRESSIVE;
				CLANG_CXX_LANGUAGE_STANDARD = "gnu++14";
				CLANG_CXX_LIBRARY = "libc++";
				CLANG_ENABLE_MODULES = YES;
				CLANG_ENABLE_OBJC_ARC = YES;
				CLANG_ENABLE_OBJC_WEAK = YES;
				CLANG_WARN_BLOCK_CAPTURE_AUTORELEASING = YES;
				CLANG_WARN_BOOL_CONVERSION = YES;
				CLANG_WARN_COMMA = YES;
				CLANG_WARN_CONSTANT_CONVERSION = YES;
				CLANG_WARN_DEPRECATED_OBJC_IMPLEMENTATIONS = YES;
				CLANG_WARN_DIRECT_OBJC_ISA_USAGE = YES_ERROR;
				CLANG_WARN_DOCUMENTATION_COMMENTS = YES;
				CLANG_WARN_EMPTY_BODY = YES;
				CLANG_WARN_ENUM_CONVERSION = YES;
				CLANG_WARN_INFINITE_RECURSION = YES;
				CLANG_WARN_INT_CONVERSION = YES;
				CLANG_WARN_NON_LITERAL_NULL_CONVERSION = YES;
				CLANG_WARN_OBJC_IMPLICIT_RETAIN_SELF = YES;
				CLANG_WARN_OBJC_LITERAL_CONVERSION = YES;
				CLANG_WARN_OBJC_ROOT_CLASS = YES_ERROR;
				CLANG_WARN_RANGE_LOOP_ANALYSIS = YES;
				CLANG_WARN_STRICT_PROTOTYPES = YES;
				CLANG_WARN_SUSPICIOUS_MOVE = YES;
				CLANG_WARN_UNGUARDED_AVAILABILITY = YES_AGGRESSIVE;
				CLANG_WARN_UNREACHABLE_CODE = YES;
				CLANG_WARN__DUPLICATE_METHOD_MATCH = YES;
				CODE_SIGN_IDENTITY = "iPhone Developer";
				COPY_PHASE_STRIP = NO;
				DEBUG_INFORMATION_FORMAT = dwarf;
				ENABLE_STRICT_OBJC_MSGSEND = YES;
				ENABLE_TESTABILITY = YES;
				GCC_C_LANGUAGE_STANDARD = gnu11;
				GCC_DYNAMIC_NO_PIC = NO;
				GCC_NO_COMMON_BLOCKS = YES;
				GCC_OPTIMIZATION_LEVEL = 0;
				GCC_PREPROCESSOR_DEFINITIONS = (
					"DEBUG=1",
					"$(inherited)",
				);
				GCC_WARN_64_TO_32_BIT_CONVERSION = YES;
				GCC_WARN_ABOUT_RETURN_TYPE = YES_ERROR;
				GCC_WARN_UNDECLARED_SELECTOR = YES;
				GCC_WARN_UNINITIALIZED_AUTOS = YES_AGGRESSIVE;
				GCC_WARN_UNUSED_FUNCTION = YES;
				GCC_WARN_UNUSED_VARIABLE = YES;
				IPHONEOS_DEPLOYMENT_TARGET = 11.4;
				MTL_ENABLE_DEBUG_INFO = YES;
				ONLY_ACTIVE_ARCH = YES;
				SDKROOT = iphoneos;
				SWIFT_ACTIVE_COMPILATION_CONDITIONS = DEBUG;
				SWIFT_OPTIMIZATION_LEVEL = "-Onone";
			};
			name = Debug;
		};
		282FEB86212E06D900C6852B /* Release */ = {
			isa = XCBuildConfiguration;
			buildSettings = {
				ALWAYS_SEARCH_USER_PATHS = NO;
				CLANG_ANALYZER_NONNULL = YES;
				CLANG_ANALYZER_NUMBER_OBJECT_CONVERSION = YES_AGGRESSIVE;
				CLANG_CXX_LANGUAGE_STANDARD = "gnu++14";
				CLANG_CXX_LIBRARY = "libc++";
				CLANG_ENABLE_MODULES = YES;
				CLANG_ENABLE_OBJC_ARC = YES;
				CLANG_ENABLE_OBJC_WEAK = YES;
				CLANG_WARN_BLOCK_CAPTURE_AUTORELEASING = YES;
				CLANG_WARN_BOOL_CONVERSION = YES;
				CLANG_WARN_COMMA = YES;
				CLANG_WARN_CONSTANT_CONVERSION = YES;
				CLANG_WARN_DEPRECATED_OBJC_IMPLEMENTATIONS = YES;
				CLANG_WARN_DIRECT_OBJC_ISA_USAGE = YES_ERROR;
				CLANG_WARN_DOCUMENTATION_COMMENTS = YES;
				CLANG_WARN_EMPTY_BODY = YES;
				CLANG_WARN_ENUM_CONVERSION = YES;
				CLANG_WARN_INFINITE_RECURSION = YES;
				CLANG_WARN_INT_CONVERSION = YES;
				CLANG_WARN_NON_LITERAL_NULL_CONVERSION = YES;
				CLANG_WARN_OBJC_IMPLICIT_RETAIN_SELF = YES;
				CLANG_WARN_OBJC_LITERAL_CONVERSION = YES;
				CLANG_WARN_OBJC_ROOT_CLASS = YES_ERROR;
				CLANG_WARN_RANGE_LOOP_ANALYSIS = YES;
				CLANG_WARN_STRICT_PROTOTYPES = YES;
				CLANG_WARN_SUSPICIOUS_MOVE = YES;
				CLANG_WARN_UNGUARDED_AVAILABILITY = YES_AGGRESSIVE;
				CLANG_WARN_UNREACHABLE_CODE = YES;
				CLANG_WARN__DUPLICATE_METHOD_MATCH = YES;
				CODE_SIGN_IDENTITY = "iPhone Developer";
				COPY_PHASE_STRIP = NO;
				DEBUG_INFORMATION_FORMAT = "dwarf-with-dsym";
				ENABLE_NS_ASSERTIONS = NO;
				ENABLE_STRICT_OBJC_MSGSEND = YES;
				GCC_C_LANGUAGE_STANDARD = gnu11;
				GCC_NO_COMMON_BLOCKS = YES;
				GCC_WARN_64_TO_32_BIT_CONVERSION = YES;
				GCC_WARN_ABOUT_RETURN_TYPE = YES_ERROR;
				GCC_WARN_UNDECLARED_SELECTOR = YES;
				GCC_WARN_UNINITIALIZED_AUTOS = YES_AGGRESSIVE;
				GCC_WARN_UNUSED_FUNCTION = YES;
				GCC_WARN_UNUSED_VARIABLE = YES;
				IPHONEOS_DEPLOYMENT_TARGET = 11.4;
				MTL_ENABLE_DEBUG_INFO = NO;
				SDKROOT = iphoneos;
				SWIFT_COMPILATION_MODE = wholemodule;
				SWIFT_OPTIMIZATION_LEVEL = "-O";
				VALIDATE_PRODUCT = YES;
			};
			name = Release;
		};
		282FEB88212E06D900C6852B /* Debug */ = {
			isa = XCBuildConfiguration;
			buildSettings = {
				ASSETCATALOG_COMPILER_APPICON_NAME = AppIcon;
				CODE_SIGN_STYLE = Automatic;
				INFOPLIST_FILE = "$(SRCROOT)/Journal/Resources/Info.plist";
				LD_RUNPATH_SEARCH_PATHS = (
					"$(inherited)",
					"@executable_path/Frameworks",
				);
				PRODUCT_BUNDLE_IDENTIFIER = com.abdi.Journal;
				PRODUCT_NAME = "$(TARGET_NAME)";
				SWIFT_VERSION = 4.0;
				TARGETED_DEVICE_FAMILY = "1,2";
			};
			name = Debug;
		};
		282FEB89212E06D900C6852B /* Release */ = {
			isa = XCBuildConfiguration;
			buildSettings = {
				ASSETCATALOG_COMPILER_APPICON_NAME = AppIcon;
				CODE_SIGN_STYLE = Automatic;
				INFOPLIST_FILE = "$(SRCROOT)/Journal/Resources/Info.plist";
				LD_RUNPATH_SEARCH_PATHS = (
					"$(inherited)",
					"@executable_path/Frameworks",
				);
				PRODUCT_BUNDLE_IDENTIFIER = com.abdi.Journal;
				PRODUCT_NAME = "$(TARGET_NAME)";
				SWIFT_VERSION = 4.0;
				TARGETED_DEVICE_FAMILY = "1,2";
			};
			name = Release;
		};
/* End XCBuildConfiguration section */

/* Begin XCConfigurationList section */
		282FEB70212E06D700C6852B /* Build configuration list for PBXProject "Journal" */ = {
			isa = XCConfigurationList;
			buildConfigurations = (
				282FEB85212E06D900C6852B /* Debug */,
				282FEB86212E06D900C6852B /* Release */,
			);
			defaultConfigurationIsVisible = 0;
			defaultConfigurationName = Release;
		};
		282FEB87212E06D900C6852B /* Build configuration list for PBXNativeTarget "Journal" */ = {
			isa = XCConfigurationList;
			buildConfigurations = (
				282FEB88212E06D900C6852B /* Debug */,
				282FEB89212E06D900C6852B /* Release */,
			);
			defaultConfigurationIsVisible = 0;
			defaultConfigurationName = Release;
		};
/* End XCConfigurationList section */
	};
	rootObject = 282FEB6D212E06D700C6852B /* Project object */;
}
